// !$*UTF8*$!
{
	archiveVersion = 1;
	classes = {
	};
	objectVersion = 55;
	objects = {

/* Begin PBXBuildFile section */
		D6A3735D28AD058000E66FC9 /* Whatsapp2App.swift in Sources */ = {isa = PBXBuildFile; fileRef = D6A3735C28AD058000E66FC9 /* Whatsapp2App.swift */; };
		D6A3735F28AD058000E66FC9 /* PostView.swift in Sources */ = {isa = PBXBuildFile; fileRef = D6A3735E28AD058000E66FC9 /* PostView.swift */; };
		D6A3736128AD058600E66FC9 /* Assets.xcassets in Resources */ = {isa = PBXBuildFile; fileRef = D6A3736028AD058600E66FC9 /* Assets.xcassets */; };
		D6A3736428AD058600E66FC9 /* Preview Assets.xcassets in Resources */ = {isa = PBXBuildFile; fileRef = D6A3736328AD058600E66FC9 /* Preview Assets.xcassets */; };
		D6A3736E28AD058600E66FC9 /* Whatsapp2Tests.swift in Sources */ = {isa = PBXBuildFile; fileRef = D6A3736D28AD058600E66FC9 /* Whatsapp2Tests.swift */; };
		D6A3737828AD058600E66FC9 /* Whatsapp2UITests.swift in Sources */ = {isa = PBXBuildFile; fileRef = D6A3737728AD058600E66FC9 /* Whatsapp2UITests.swift */; };
		D6A3737A28AD058600E66FC9 /* Whatsapp2UITestsLaunchTests.swift in Sources */ = {isa = PBXBuildFile; fileRef = D6A3737928AD058600E66FC9 /* Whatsapp2UITestsLaunchTests.swift */; };
		D6A3738828AD078100E66FC9 /* PostModel.swift in Sources */ = {isa = PBXBuildFile; fileRef = D6A3738728AD078100E66FC9 /* PostModel.swift */; };
		D6A3738A28AD1E0F00E66FC9 /* BreakingBadModel.swift in Sources */ = {isa = PBXBuildFile; fileRef = D6A3738928AD1E0F00E66FC9 /* BreakingBadModel.swift */; };
		D6A3738C28AD2E2000E66FC9 /* LoginvVew.swift in Sources */ = {isa = PBXBuildFile; fileRef = D6A3738B28AD2E2000E66FC9 /* LoginvVew.swift */; };
/* End PBXBuildFile section */

/* Begin PBXContainerItemProxy section */
		D6A3736A28AD058600E66FC9 /* PBXContainerItemProxy */ = {
			isa = PBXContainerItemProxy;
			containerPortal = D6A3735128AD058000E66FC9 /* Project object */;
			proxyType = 1;
			remoteGlobalIDString = D6A3735828AD058000E66FC9;
			remoteInfo = Whatsapp2;
		};
		D6A3737428AD058600E66FC9 /* PBXContainerItemProxy */ = {
			isa = PBXContainerItemProxy;
			containerPortal = D6A3735128AD058000E66FC9 /* Project object */;
			proxyType = 1;
			remoteGlobalIDString = D6A3735828AD058000E66FC9;
			remoteInfo = Whatsapp2;
		};
/* End PBXContainerItemProxy section */

/* Begin PBXFileReference section */
		D6A3735928AD058000E66FC9 /* Whatsapp2.app */ = {isa = PBXFileReference; explicitFileType = wrapper.application; includeInIndex = 0; path = Whatsapp2.app; sourceTree = BUILT_PRODUCTS_DIR; };
		D6A3735C28AD058000E66FC9 /* Whatsapp2App.swift */ = {isa = PBXFileReference; lastKnownFileType = sourcecode.swift; path = Whatsapp2App.swift; sourceTree = "<group>"; };
		D6A3735E28AD058000E66FC9 /* PostView.swift */ = {isa = PBXFileReference; lastKnownFileType = sourcecode.swift; path = PostView.swift; sourceTree = "<group>"; };
		D6A3736028AD058600E66FC9 /* Assets.xcassets */ = {isa = PBXFileReference; lastKnownFileType = folder.assetcatalog; path = Assets.xcassets; sourceTree = "<group>"; };
		D6A3736328AD058600E66FC9 /* Preview Assets.xcassets */ = {isa = PBXFileReference; lastKnownFileType = folder.assetcatalog; path = "Preview Assets.xcassets"; sourceTree = "<group>"; };
		D6A3736928AD058600E66FC9 /* Whatsapp2Tests.xctest */ = {isa = PBXFileReference; explicitFileType = wrapper.cfbundle; includeInIndex = 0; path = Whatsapp2Tests.xctest; sourceTree = BUILT_PRODUCTS_DIR; };
		D6A3736D28AD058600E66FC9 /* Whatsapp2Tests.swift */ = {isa = PBXFileReference; lastKnownFileType = sourcecode.swift; path = Whatsapp2Tests.swift; sourceTree = "<group>"; };
		D6A3737328AD058600E66FC9 /* Whatsapp2UITests.xctest */ = {isa = PBXFileReference; explicitFileType = wrapper.cfbundle; includeInIndex = 0; path = Whatsapp2UITests.xctest; sourceTree = BUILT_PRODUCTS_DIR; };
		D6A3737728AD058600E66FC9 /* Whatsapp2UITests.swift */ = {isa = PBXFileReference; lastKnownFileType = sourcecode.swift; path = Whatsapp2UITests.swift; sourceTree = "<group>"; };
		D6A3737928AD058600E66FC9 /* Whatsapp2UITestsLaunchTests.swift */ = {isa = PBXFileReference; lastKnownFileType = sourcecode.swift; path = Whatsapp2UITestsLaunchTests.swift; sourceTree = "<group>"; };
		D6A3738728AD078100E66FC9 /* PostModel.swift */ = {isa = PBXFileReference; lastKnownFileType = sourcecode.swift; path = PostModel.swift; sourceTree = "<group>"; };
		D6A3738928AD1E0F00E66FC9 /* BreakingBadModel.swift */ = {isa = PBXFileReference; lastKnownFileType = sourcecode.swift; path = BreakingBadModel.swift; sourceTree = "<group>"; };
		D6A3738B28AD2E2000E66FC9 /* LoginvVew.swift */ = {isa = PBXFileReference; lastKnownFileType = sourcecode.swift; path = LoginvVew.swift; sourceTree = "<group>"; };
/* End PBXFileReference section */

/* Begin PBXFrameworksBuildPhase section */
		D6A3735628AD058000E66FC9 /* Frameworks */ = {
			isa = PBXFrameworksBuildPhase;
			buildActionMask = 2147483647;
			files = (
			);
			runOnlyForDeploymentPostprocessing = 0;
		};
		D6A3736628AD058600E66FC9 /* Frameworks */ = {
			isa = PBXFrameworksBuildPhase;
			buildActionMask = 2147483647;
			files = (
			);
			runOnlyForDeploymentPostprocessing = 0;
		};
		D6A3737028AD058600E66FC9 /* Frameworks */ = {
			isa = PBXFrameworksBuildPhase;
			buildActionMask = 2147483647;
			files = (
			);
			runOnlyForDeploymentPostprocessing = 0;
		};
/* End PBXFrameworksBuildPhase section */

/* Begin PBXGroup section */
		D6A3735028AD058000E66FC9 = {
			isa = PBXGroup;
			children = (
				D6A3735B28AD058000E66FC9 /* Whatsapp2 */,
				D6A3736C28AD058600E66FC9 /* Whatsapp2Tests */,
				D6A3737628AD058600E66FC9 /* Whatsapp2UITests */,
				D6A3735A28AD058000E66FC9 /* Products */,
			);
			sourceTree = "<group>";
		};
		D6A3735A28AD058000E66FC9 /* Products */ = {
			isa = PBXGroup;
			children = (
				D6A3735928AD058000E66FC9 /* Whatsapp2.app */,
				D6A3736928AD058600E66FC9 /* Whatsapp2Tests.xctest */,
				D6A3737328AD058600E66FC9 /* Whatsapp2UITests.xctest */,
			);
			name = Products;
			sourceTree = "<group>";
		};
		D6A3735B28AD058000E66FC9 /* Whatsapp2 */ = {
			isa = PBXGroup;
			children = (
				D6A3738628AD077100E66FC9 /* Models */,
				D6A3735C28AD058000E66FC9 /* Whatsapp2App.swift */,
				D6A3735E28AD058000E66FC9 /* PostView.swift */,
				D6A3738B28AD2E2000E66FC9 /* LoginvVew.swift */,
				D6A3736028AD058600E66FC9 /* Assets.xcassets */,
				D6A3736228AD058600E66FC9 /* Preview Content */,
			);
			path = Whatsapp2;
			sourceTree = "<group>";
		};
		D6A3736228AD058600E66FC9 /* Preview Content */ = {
			isa = PBXGroup;
			children = (
				D6A3736328AD058600E66FC9 /* Preview Assets.xcassets */,
			);
			path = "Preview Content";
			sourceTree = "<group>";
		};
		D6A3736C28AD058600E66FC9 /* Whatsapp2Tests */ = {
			isa = PBXGroup;
			children = (
				D6A3736D28AD058600E66FC9 /* Whatsapp2Tests.swift */,
			);
			path = Whatsapp2Tests;
			sourceTree = "<group>";
		};
		D6A3737628AD058600E66FC9 /* Whatsapp2UITests */ = {
			isa = PBXGroup;
			children = (
				D6A3737728AD058600E66FC9 /* Whatsapp2UITests.swift */,
				D6A3737928AD058600E66FC9 /* Whatsapp2UITestsLaunchTests.swift */,
			);
			path = Whatsapp2UITests;
			sourceTree = "<group>";
		};
		D6A3738628AD077100E66FC9 /* Models */ = {
			isa = PBXGroup;
			children = (
				D6A3738728AD078100E66FC9 /* PostModel.swift */,
				D6A3738928AD1E0F00E66FC9 /* BreakingBadModel.swift */,
			);
			path = Models;
			sourceTree = "<group>";
		};
/* End PBXGroup section */

/* Begin PBXNativeTarget section */
		D6A3735828AD058000E66FC9 /* Whatsapp2 */ = {
			isa = PBXNativeTarget;
			buildConfigurationList = D6A3737D28AD058600E66FC9 /* Build configuration list for PBXNativeTarget "Whatsapp2" */;
			buildPhases = (
				D6A3735528AD058000E66FC9 /* Sources */,
				D6A3735628AD058000E66FC9 /* Frameworks */,
				D6A3735728AD058000E66FC9 /* Resources */,
			);
			buildRules = (
			);
			dependencies = (
			);
			name = Whatsapp2;
			productName = Whatsapp2;
			productReference = D6A3735928AD058000E66FC9 /* Whatsapp2.app */;
			productType = "com.apple.product-type.application";
		};
		D6A3736828AD058600E66FC9 /* Whatsapp2Tests */ = {
			isa = PBXNativeTarget;
			buildConfigurationList = D6A3738028AD058600E66FC9 /* Build configuration list for PBXNativeTarget "Whatsapp2Tests" */;
			buildPhases = (
				D6A3736528AD058600E66FC9 /* Sources */,
				D6A3736628AD058600E66FC9 /* Frameworks */,
				D6A3736728AD058600E66FC9 /* Resources */,
			);
			buildRules = (
			);
			dependencies = (
				D6A3736B28AD058600E66FC9 /* PBXTargetDependency */,
			);
			name = Whatsapp2Tests;
			productName = Whatsapp2Tests;
			productReference = D6A3736928AD058600E66FC9 /* Whatsapp2Tests.xctest */;
			productType = "com.apple.product-type.bundle.unit-test";
		};
		D6A3737228AD058600E66FC9 /* Whatsapp2UITests */ = {
			isa = PBXNativeTarget;
			buildConfigurationList = D6A3738328AD058600E66FC9 /* Build configuration list for PBXNativeTarget "Whatsapp2UITests" */;
			buildPhases = (
				D6A3736F28AD058600E66FC9 /* Sources */,
				D6A3737028AD058600E66FC9 /* Frameworks */,
				D6A3737128AD058600E66FC9 /* Resources */,
			);
			buildRules = (
			);
			dependencies = (
				D6A3737528AD058600E66FC9 /* PBXTargetDependency */,
			);
			name = Whatsapp2UITests;
			productName = Whatsapp2UITests;
			productReference = D6A3737328AD058600E66FC9 /* Whatsapp2UITests.xctest */;
			productType = "com.apple.product-type.bundle.ui-testing";
		};
/* End PBXNativeTarget section */

/* Begin PBXProject section */
		D6A3735128AD058000E66FC9 /* Project object */ = {
			isa = PBXProject;
			attributes = {
				BuildIndependentTargetsInParallel = 1;
				LastSwiftUpdateCheck = 1340;
				LastUpgradeCheck = 1340;
				TargetAttributes = {
					D6A3735828AD058000E66FC9 = {
						CreatedOnToolsVersion = 13.4.1;
					};
					D6A3736828AD058600E66FC9 = {
						CreatedOnToolsVersion = 13.4.1;
						TestTargetID = D6A3735828AD058000E66FC9;
					};
					D6A3737228AD058600E66FC9 = {
						CreatedOnToolsVersion = 13.4.1;
						TestTargetID = D6A3735828AD058000E66FC9;
					};
				};
			};
			buildConfigurationList = D6A3735428AD058000E66FC9 /* Build configuration list for PBXProject "Whatsapp2" */;
			compatibilityVersion = "Xcode 13.0";
			developmentRegion = en;
			hasScannedForEncodings = 0;
			knownRegions = (
				en,
				Base,
			);
			mainGroup = D6A3735028AD058000E66FC9;
			productRefGroup = D6A3735A28AD058000E66FC9 /* Products */;
			projectDirPath = "";
			projectRoot = "";
			targets = (
				D6A3735828AD058000E66FC9 /* Whatsapp2 */,
				D6A3736828AD058600E66FC9 /* Whatsapp2Tests */,
				D6A3737228AD058600E66FC9 /* Whatsapp2UITests */,
			);
		};
/* End PBXProject section */

/* Begin PBXResourcesBuildPhase section */
		D6A3735728AD058000E66FC9 /* Resources */ = {
			isa = PBXResourcesBuildPhase;
			buildActionMask = 2147483647;
			files = (
				D6A3736428AD058600E66FC9 /* Preview Assets.xcassets in Resources */,
				D6A3736128AD058600E66FC9 /* Assets.xcassets in Resources */,
			);
			runOnlyForDeploymentPostprocessing = 0;
		};
		D6A3736728AD058600E66FC9 /* Resources */ = {
			isa = PBXResourcesBuildPhase;
			buildActionMask = 2147483647;
			files = (
			);
			runOnlyForDeploymentPostprocessing = 0;
		};
		D6A3737128AD058600E66FC9 /* Resources */ = {
			isa = PBXResourcesBuildPhase;
			buildActionMask = 2147483647;
			files = (
			);
			runOnlyForDeploymentPostprocessing = 0;
		};
/* End PBXResourcesBuildPhase section */

/* Begin PBXSourcesBuildPhase section */
		D6A3735528AD058000E66FC9 /* Sources */ = {
			isa = PBXSourcesBuildPhase;
			buildActionMask = 2147483647;
			files = (
				D6A3738C28AD2E2000E66FC9 /* LoginvVew.swift in Sources */,
				D6A3735F28AD058000E66FC9 /* PostView.swift in Sources */,
				D6A3738A28AD1E0F00E66FC9 /* BreakingBadModel.swift in Sources */,
				D6A3738828AD078100E66FC9 /* PostModel.swift in Sources */,
				D6A3735D28AD058000E66FC9 /* Whatsapp2App.swift in Sources */,
			);
			runOnlyForDeploymentPostprocessing = 0;
		};
		D6A3736528AD058600E66FC9 /* Sources */ = {
			isa = PBXSourcesBuildPhase;
			buildActionMask = 2147483647;
			files = (
				D6A3736E28AD058600E66FC9 /* Whatsapp2Tests.swift in Sources */,
			);
			runOnlyForDeploymentPostprocessing = 0;
		};
		D6A3736F28AD058600E66FC9 /* Sources */ = {
			isa = PBXSourcesBuildPhase;
			buildActionMask = 2147483647;
			files = (
				D6A3737828AD058600E66FC9 /* Whatsapp2UITests.swift in Sources */,
				D6A3737A28AD058600E66FC9 /* Whatsapp2UITestsLaunchTests.swift in Sources */,
			);
			runOnlyForDeploymentPostprocessing = 0;
		};
/* End PBXSourcesBuildPhase section */

/* Begin PBXTargetDependency section */
		D6A3736B28AD058600E66FC9 /* PBXTargetDependency */ = {
			isa = PBXTargetDependency;
			target = D6A3735828AD058000E66FC9 /* Whatsapp2 */;
			targetProxy = D6A3736A28AD058600E66FC9 /* PBXContainerItemProxy */;
		};
		D6A3737528AD058600E66FC9 /* PBXTargetDependency */ = {
			isa = PBXTargetDependency;
			target = D6A3735828AD058000E66FC9 /* Whatsapp2 */;
			targetProxy = D6A3737428AD058600E66FC9 /* PBXContainerItemProxy */;
		};
/* End PBXTargetDependency section */

/* Begin XCBuildConfiguration section */
		D6A3737B28AD058600E66FC9 /* Debug */ = {
			isa = XCBuildConfiguration;
			buildSettings = {
				ALWAYS_SEARCH_USER_PATHS = NO;
				CLANG_ANALYZER_NONNULL = YES;
				CLANG_ANALYZER_NUMBER_OBJECT_CONVERSION = YES_AGGRESSIVE;
				CLANG_CXX_LANGUAGE_STANDARD = "gnu++17";
				CLANG_ENABLE_MODULES = YES;
				CLANG_ENABLE_OBJC_ARC = YES;
				CLANG_ENABLE_OBJC_WEAK = YES;
				CLANG_WARN_BLOCK_CAPTURE_AUTORELEASING = YES;
				CLANG_WARN_BOOL_CONVERSION = YES;
				CLANG_WARN_COMMA = YES;
				CLANG_WARN_CONSTANT_CONVERSION = YES;
				CLANG_WARN_DEPRECATED_OBJC_IMPLEMENTATIONS = YES;
				CLANG_WARN_DIRECT_OBJC_ISA_USAGE = YES_ERROR;
				CLANG_WARN_DOCUMENTATION_COMMENTS = YES;
				CLANG_WARN_EMPTY_BODY = YES;
				CLANG_WARN_ENUM_CONVERSION = YES;
				CLANG_WARN_INFINITE_RECURSION = YES;
				CLANG_WARN_INT_CONVERSION = YES;
				CLANG_WARN_NON_LITERAL_NULL_CONVERSION = YES;
				CLANG_WARN_OBJC_IMPLICIT_RETAIN_SELF = YES;
				CLANG_WARN_OBJC_LITERAL_CONVERSION = YES;
				CLANG_WARN_OBJC_ROOT_CLASS = YES_ERROR;
				CLANG_WARN_QUOTED_INCLUDE_IN_FRAMEWORK_HEADER = YES;
				CLANG_WARN_RANGE_LOOP_ANALYSIS = YES;
				CLANG_WARN_STRICT_PROTOTYPES = YES;
				CLANG_WARN_SUSPICIOUS_MOVE = YES;
				CLANG_WARN_UNGUARDED_AVAILABILITY = YES_AGGRESSIVE;
				CLANG_WARN_UNREACHABLE_CODE = YES;
				CLANG_WARN__DUPLICATE_METHOD_MATCH = YES;
				COPY_PHASE_STRIP = NO;
				DEBUG_INFORMATION_FORMAT = dwarf;
				ENABLE_STRICT_OBJC_MSGSEND = YES;
				ENABLE_TESTABILITY = YES;
				GCC_C_LANGUAGE_STANDARD = gnu11;
				GCC_DYNAMIC_NO_PIC = NO;
				GCC_NO_COMMON_BLOCKS = YES;
				GCC_OPTIMIZATION_LEVEL = 0;
				GCC_PREPROCESSOR_DEFINITIONS = (
					"DEBUG=1",
					"$(inherited)",
				);
				GCC_WARN_64_TO_32_BIT_CONVERSION = YES;
				GCC_WARN_ABOUT_RETURN_TYPE = YES_ERROR;
				GCC_WARN_UNDECLARED_SELECTOR = YES;
				GCC_WARN_UNINITIALIZED_AUTOS = YES_AGGRESSIVE;
				GCC_WARN_UNUSED_FUNCTION = YES;
				GCC_WARN_UNUSED_VARIABLE = YES;
				IPHONEOS_DEPLOYMENT_TARGET = 15.5;
				MTL_ENABLE_DEBUG_INFO = INCLUDE_SOURCE;
				MTL_FAST_MATH = YES;
				ONLY_ACTIVE_ARCH = YES;
				SDKROOT = iphoneos;
				SWIFT_ACTIVE_COMPILATION_CONDITIONS = DEBUG;
				SWIFT_OPTIMIZATION_LEVEL = "-Onone";
			};
			name = Debug;
		};
		D6A3737C28AD058600E66FC9 /* Release */ = {
			isa = XCBuildConfiguration;
			buildSettings = {
				ALWAYS_SEARCH_USER_PATHS = NO;
				CLANG_ANALYZER_NONNULL = YES;
				CLANG_ANALYZER_NUMBER_OBJECT_CONVERSION = YES_AGGRESSIVE;
				CLANG_CXX_LANGUAGE_STANDARD = "gnu++17";
				CLANG_ENABLE_MODULES = YES;
				CLANG_ENABLE_OBJC_ARC = YES;
				CLANG_ENABLE_OBJC_WEAK = YES;
				CLANG_WARN_BLOCK_CAPTURE_AUTORELEASING = YES;
				CLANG_WARN_BOOL_CONVERSION = YES;
				CLANG_WARN_COMMA = YES;
				CLANG_WARN_CONSTANT_CONVERSION = YES;
				CLANG_WARN_DEPRECATED_OBJC_IMPLEMENTATIONS = YES;
				CLANG_WARN_DIRECT_OBJC_ISA_USAGE = YES_ERROR;
				CLANG_WARN_DOCUMENTATION_COMMENTS = YES;
				CLANG_WARN_EMPTY_BODY = YES;
				CLANG_WARN_ENUM_CONVERSION = YES;
				CLANG_WARN_INFINITE_RECURSION = YES;
				CLANG_WARN_INT_CONVERSION = YES;
				CLANG_WARN_NON_LITERAL_NULL_CONVERSION = YES;
				CLANG_WARN_OBJC_IMPLICIT_RETAIN_SELF = YES;
				CLANG_WARN_OBJC_LITERAL_CONVERSION = YES;
				CLANG_WARN_OBJC_ROOT_CLASS = YES_ERROR;
				CLANG_WARN_QUOTED_INCLUDE_IN_FRAMEWORK_HEADER = YES;
				CLANG_WARN_RANGE_LOOP_ANALYSIS = YES;
				CLANG_WARN_STRICT_PROTOTYPES = YES;
				CLANG_WARN_SUSPICIOUS_MOVE = YES;
				CLANG_WARN_UNGUARDED_AVAILABILITY = YES_AGGRESSIVE;
				CLANG_WARN_UNREACHABLE_CODE = YES;
				CLANG_WARN__DUPLICATE_METHOD_MATCH = YES;
				COPY_PHASE_STRIP = NO;
				DEBUG_INFORMATION_FORMAT = "dwarf-with-dsym";
				ENABLE_NS_ASSERTIONS = NO;
				ENABLE_STRICT_OBJC_MSGSEND = YES;
				GCC_C_LANGUAGE_STANDARD = gnu11;
				GCC_NO_COMMON_BLOCKS = YES;
				GCC_WARN_64_TO_32_BIT_CONVERSION = YES;
				GCC_WARN_ABOUT_RETURN_TYPE = YES_ERROR;
				GCC_WARN_UNDECLARED_SELECTOR = YES;
				GCC_WARN_UNINITIALIZED_AUTOS = YES_AGGRESSIVE;
				GCC_WARN_UNUSED_FUNCTION = YES;
				GCC_WARN_UNUSED_VARIABLE = YES;
				IPHONEOS_DEPLOYMENT_TARGET = 15.5;
				MTL_ENABLE_DEBUG_INFO = NO;
				MTL_FAST_MATH = YES;
				SDKROOT = iphoneos;
				SWIFT_COMPILATION_MODE = wholemodule;
				SWIFT_OPTIMIZATION_LEVEL = "-O";
				VALIDATE_PRODUCT = YES;
			};
			name = Release;
		};
		D6A3737E28AD058600E66FC9 /* Debug */ = {
			isa = XCBuildConfiguration;
			buildSettings = {
				ASSETCATALOG_COMPILER_APPICON_NAME = AppIcon;
				ASSETCATALOG_COMPILER_GLOBAL_ACCENT_COLOR_NAME = AccentColor;
				CODE_SIGN_STYLE = Automatic;
				CURRENT_PROJECT_VERSION = 1;
				DEVELOPMENT_ASSET_PATHS = "\"Whatsapp2/Preview Content\"";
				DEVELOPMENT_TEAM = MCC2B4P5MZ;
				ENABLE_PREVIEWS = YES;
				GENERATE_INFOPLIST_FILE = YES;
				INFOPLIST_KEY_UIApplicationSceneManifest_Generation = YES;
				INFOPLIST_KEY_UIApplicationSupportsIndirectInputEvents = YES;
				INFOPLIST_KEY_UILaunchScreen_Generation = YES;
				INFOPLIST_KEY_UISupportedInterfaceOrientations_iPad = "UIInterfaceOrientationPortrait UIInterfaceOrientationPortraitUpsideDown UIInterfaceOrientationLandscapeLeft UIInterfaceOrientationLandscapeRight";
				INFOPLIST_KEY_UISupportedInterfaceOrientations_iPhone = "UIInterfaceOrientationPortrait UIInterfaceOrientationLandscapeLeft UIInterfaceOrientationLandscapeRight";
				LD_RUNPATH_SEARCH_PATHS = (
					"$(inherited)",
					"@executable_path/Frameworks",
				);
				MARKETING_VERSION = 1.0;
				PRODUCT_BUNDLE_IDENTIFIER = Copland.Whatsapp2;
				PRODUCT_NAME = "$(TARGET_NAME)";
				SWIFT_EMIT_LOC_STRINGS = YES;
				SWIFT_VERSION = 5.0;
				TARGETED_DEVICE_FAMILY = "1,2";
			};
			name = Debug;
		};
		D6A3737F28AD058600E66FC9 /* Release */ = {
			isa = XCBuildConfiguration;
			buildSettings = {
				ASSETCATALOG_COMPILER_APPICON_NAME = AppIcon;
				ASSETCATALOG_COMPILER_GLOBAL_ACCENT_COLOR_NAME = AccentColor;
				CODE_SIGN_STYLE = Automatic;
				CURRENT_PROJECT_VERSION = 1;
				DEVELOPMENT_ASSET_PATHS = "\"Whatsapp2/Preview Content\"";
				DEVELOPMENT_TEAM = MCC2B4P5MZ;
				ENABLE_PREVIEWS = YES;
				GENERATE_INFOPLIST_FILE = YES;
				INFOPLIST_KEY_UIApplicationSceneManifest_Generation = YES;
				INFOPLIST_KEY_UIApplicationSupportsIndirectInputEvents = YES;
				INFOPLIST_KEY_UILaunchScreen_Generation = YES;
				INFOPLIST_KEY_UISupportedInterfaceOrientations_iPad = "UIInterfaceOrientationPortrait UIInterfaceOrientationPortraitUpsideDown UIInterfaceOrientationLandscapeLeft UIInterfaceOrientationLandscapeRight";
				INFOPLIST_KEY_UISupportedInterfaceOrientations_iPhone = "UIInterfaceOrientationPortrait UIInterfaceOrientationLandscapeLeft UIInterfaceOrientationLandscapeRight";
				LD_RUNPATH_SEARCH_PATHS = (
					"$(inherited)",
					"@executable_path/Frameworks",
				);
				MARKETING_VERSION = 1.0;
				PRODUCT_BUNDLE_IDENTIFIER = Copland.Whatsapp2;
				PRODUCT_NAME = "$(TARGET_NAME)";
				SWIFT_EMIT_LOC_STRINGS = YES;
				SWIFT_VERSION = 5.0;
				TARGETED_DEVICE_FAMILY = "1,2";
			};
			name = Release;
		};
		D6A3738128AD058600E66FC9 /* Debug */ = {
			isa = XCBuildConfiguration;
			buildSettings = {
				ALWAYS_EMBED_SWIFT_STANDARD_LIBRARIES = YES;
				BUNDLE_LOADER = "$(TEST_HOST)";
				CODE_SIGN_STYLE = Automatic;
				CURRENT_PROJECT_VERSION = 1;
				DEVELOPMENT_TEAM = MCC2B4P5MZ;
				GENERATE_INFOPLIST_FILE = YES;
				IPHONEOS_DEPLOYMENT_TARGET = 15.5;
				MARKETING_VERSION = 1.0;
				PRODUCT_BUNDLE_IDENTIFIER = Copland.Whatsapp2Tests;
				PRODUCT_NAME = "$(TARGET_NAME)";
				SWIFT_EMIT_LOC_STRINGS = NO;
				SWIFT_VERSION = 5.0;
				TARGETED_DEVICE_FAMILY = "1,2";
				TEST_HOST = "$(BUILT_PRODUCTS_DIR)/Whatsapp2.app/Whatsapp2";
			};
			name = Debug;
		};
		D6A3738228AD058600E66FC9 /* Release */ = {
			isa = XCBuildConfiguration;
			buildSettings = {
				ALWAYS_EMBED_SWIFT_STANDARD_LIBRARIES = YES;
				BUNDLE_LOADER = "$(TEST_HOST)";
				CODE_SIGN_STYLE = Automatic;
				CURRENT_PROJECT_VERSION = 1;
				DEVELOPMENT_TEAM = MCC2B4P5MZ;
				GENERATE_INFOPLIST_FILE = YES;
				IPHONEOS_DEPLOYMENT_TARGET = 15.5;
				MARKETING_VERSION = 1.0;
				PRODUCT_BUNDLE_IDENTIFIER = Copland.Whatsapp2Tests;
				PRODUCT_NAME = "$(TARGET_NAME)";
				SWIFT_EMIT_LOC_STRINGS = NO;
				SWIFT_VERSION = 5.0;
				TARGETED_DEVICE_FAMILY = "1,2";
				TEST_HOST = "$(BUILT_PRODUCTS_DIR)/Whatsapp2.app/Whatsapp2";
			};
			name = Release;
		};
		D6A3738428AD058600E66FC9 /* Debug */ = {
			isa = XCBuildConfiguration;
			buildSettings = {
				ALWAYS_EMBED_SWIFT_STANDARD_LIBRARIES = YES;
				CODE_SIGN_STYLE = Automatic;
				CURRENT_PROJECT_VERSION = 1;
				DEVELOPMENT_TEAM = MCC2B4P5MZ;
				GENERATE_INFOPLIST_FILE = YES;
				MARKETING_VERSION = 1.0;
				PRODUCT_BUNDLE_IDENTIFIER = Copland.Whatsapp2UITests;
				PRODUCT_NAME = "$(TARGET_NAME)";
				SWIFT_EMIT_LOC_STRINGS = NO;
				SWIFT_VERSION = 5.0;
				TARGETED_DEVICE_FAMILY = "1,2";
				TEST_TARGET_NAME = Whatsapp2;
			};
			name = Debug;
		};
		D6A3738528AD058600E66FC9 /* Release */ = {
			isa = XCBuildConfiguration;
			buildSettings = {
				ALWAYS_EMBED_SWIFT_STANDARD_LIBRARIES = YES;
				CODE_SIGN_STYLE = Automatic;
				CURRENT_PROJECT_VERSION = 1;
				DEVELOPMENT_TEAM = MCC2B4P5MZ;
				GENERATE_INFOPLIST_FILE = YES;
				MARKETING_VERSION = 1.0;
				PRODUCT_BUNDLE_IDENTIFIER = Copland.Whatsapp2UITests;
				PRODUCT_NAME = "$(TARGET_NAME)";
				SWIFT_EMIT_LOC_STRINGS = NO;
				SWIFT_VERSION = 5.0;
				TARGETED_DEVICE_FAMILY = "1,2";
				TEST_TARGET_NAME = Whatsapp2;
			};
			name = Release;
		};
/* End XCBuildConfiguration section */

/* Begin XCConfigurationList section */
		D6A3735428AD058000E66FC9 /* Build configuration list for PBXProject "Whatsapp2" */ = {
			isa = XCConfigurationList;
			buildConfigurations = (
				D6A3737B28AD058600E66FC9 /* Debug */,
				D6A3737C28AD058600E66FC9 /* Release */,
			);
			defaultConfigurationIsVisible = 0;
			defaultConfigurationName = Release;
		};
		D6A3737D28AD058600E66FC9 /* Build configuration list for PBXNativeTarget "Whatsapp2" */ = {
			isa = XCConfigurationList;
			buildConfigurations = (
				D6A3737E28AD058600E66FC9 /* Debug */,
				D6A3737F28AD058600E66FC9 /* Release */,
			);
			defaultConfigurationIsVisible = 0;
			defaultConfigurationName = Release;
		};
		D6A3738028AD058600E66FC9 /* Build configuration list for PBXNativeTarget "Whatsapp2Tests" */ = {
			isa = XCConfigurationList;
			buildConfigurations = (
				D6A3738128AD058600E66FC9 /* Debug */,
				D6A3738228AD058600E66FC9 /* Release */,
			);
			defaultConfigurationIsVisible = 0;
			defaultConfigurationName = Release;
		};
		D6A3738328AD058600E66FC9 /* Build configuration list for PBXNativeTarget "Whatsapp2UITests" */ = {
			isa = XCConfigurationList;
			buildConfigurations = (
				D6A3738428AD058600E66FC9 /* Debug */,
				D6A3738528AD058600E66FC9 /* Release */,
			);
			defaultConfigurationIsVisible = 0;
			defaultConfigurationName = Release;
		};
/* End XCConfigurationList section */
	};
	rootObject = D6A3735128AD058000E66FC9 /* Project object */;
}
