// !$*UTF8*$!
{
	archiveVersion = 1;
	classes = {
	};
	objectVersion = 55;
	objects = {

/* Begin PBXBuildFile section */
		D6DD8A7828A53FC40075D8C0 /* AppDelegate.swift in Sources */ = {isa = PBXBuildFile; fileRef = D6DD8A7728A53FC40075D8C0 /* AppDelegate.swift */; };
		D6DD8A7A28A53FC40075D8C0 /* SceneDelegate.swift in Sources */ = {isa = PBXBuildFile; fileRef = D6DD8A7928A53FC40075D8C0 /* SceneDelegate.swift */; };
		D6DD8A7C28A53FC40075D8C0 /* ViewController.swift in Sources */ = {isa = PBXBuildFile; fileRef = D6DD8A7B28A53FC40075D8C0 /* ViewController.swift */; };
		D6DD8A8128A53FC50075D8C0 /* Assets.xcassets in Resources */ = {isa = PBXBuildFile; fileRef = D6DD8A8028A53FC50075D8C0 /* Assets.xcassets */; };
		D6DD8A8428A53FC50075D8C0 /* LaunchScreen.storyboard in Resources */ = {isa = PBXBuildFile; fileRef = D6DD8A8228A53FC50075D8C0 /* LaunchScreen.storyboard */; };
		D6DD8A8F28A53FC60075D8C0 /* SocialMedia_ChallengeTests.swift in Sources */ = {isa = PBXBuildFile; fileRef = D6DD8A8E28A53FC60075D8C0 /* SocialMedia_ChallengeTests.swift */; };
		D6DD8A9928A53FC60075D8C0 /* SocialMedia_ChallengeUITests.swift in Sources */ = {isa = PBXBuildFile; fileRef = D6DD8A9828A53FC60075D8C0 /* SocialMedia_ChallengeUITests.swift */; };
		D6DD8A9B28A53FC60075D8C0 /* SocialMedia_ChallengeUITestsLaunchTests.swift in Sources */ = {isa = PBXBuildFile; fileRef = D6DD8A9A28A53FC60075D8C0 /* SocialMedia_ChallengeUITestsLaunchTests.swift */; };
		D6DD8AB228A540330075D8C0 /* PostViewModel.swift in Sources */ = {isa = PBXBuildFile; fileRef = D6DD8AA828A540330075D8C0 /* PostViewModel.swift */; };
		D6DD8AB328A540330075D8C0 /* API.swift in Sources */ = {isa = PBXBuildFile; fileRef = D6DD8AAA28A540330075D8C0 /* API.swift */; };
		D6DD8AB428A540330075D8C0 /* Users.swift in Sources */ = {isa = PBXBuildFile; fileRef = D6DD8AAC28A540330075D8C0 /* Users.swift */; };
		D6DD8AB528A540330075D8C0 /* Posts.swift in Sources */ = {isa = PBXBuildFile; fileRef = D6DD8AAD28A540330075D8C0 /* Posts.swift */; };
		D6DD8AB628A540330075D8C0 /* SpaceViewController.swift in Sources */ = {isa = PBXBuildFile; fileRef = D6DD8AAE28A540330075D8C0 /* SpaceViewController.swift */; };
		D6DD8AB728A540330075D8C0 /* LoginViewController.swift in Sources */ = {isa = PBXBuildFile; fileRef = D6DD8AAF28A540330075D8C0 /* LoginViewController.swift */; };
		D6DD8AB828A540330075D8C0 /* Constants.swift in Sources */ = {isa = PBXBuildFile; fileRef = D6DD8AB128A540330075D8C0 /* Constants.swift */; };
/* End PBXBuildFile section */

/* Begin PBXContainerItemProxy section */
		D6DD8A8B28A53FC60075D8C0 /* PBXContainerItemProxy */ = {
			isa = PBXContainerItemProxy;
			containerPortal = D6DD8A6C28A53FC40075D8C0 /* Project object */;
			proxyType = 1;
			remoteGlobalIDString = D6DD8A7328A53FC40075D8C0;
			remoteInfo = SocialMedia_Challenge;
		};
		D6DD8A9528A53FC60075D8C0 /* PBXContainerItemProxy */ = {
			isa = PBXContainerItemProxy;
			containerPortal = D6DD8A6C28A53FC40075D8C0 /* Project object */;
			proxyType = 1;
			remoteGlobalIDString = D6DD8A7328A53FC40075D8C0;
			remoteInfo = SocialMedia_Challenge;
		};
/* End PBXContainerItemProxy section */

/* Begin PBXFileReference section */
		D6DD8A7428A53FC40075D8C0 /* SocialMedia_Challenge.app */ = {isa = PBXFileReference; explicitFileType = wrapper.application; includeInIndex = 0; path = SocialMedia_Challenge.app; sourceTree = BUILT_PRODUCTS_DIR; };
		D6DD8A7728A53FC40075D8C0 /* AppDelegate.swift */ = {isa = PBXFileReference; lastKnownFileType = sourcecode.swift; path = AppDelegate.swift; sourceTree = "<group>"; };
		D6DD8A7928A53FC40075D8C0 /* SceneDelegate.swift */ = {isa = PBXFileReference; lastKnownFileType = sourcecode.swift; path = SceneDelegate.swift; sourceTree = "<group>"; };
		D6DD8A7B28A53FC40075D8C0 /* ViewController.swift */ = {isa = PBXFileReference; lastKnownFileType = sourcecode.swift; path = ViewController.swift; sourceTree = "<group>"; };
		D6DD8A8028A53FC50075D8C0 /* Assets.xcassets */ = {isa = PBXFileReference; lastKnownFileType = folder.assetcatalog; path = Assets.xcassets; sourceTree = "<group>"; };
		D6DD8A8328A53FC50075D8C0 /* Base */ = {isa = PBXFileReference; lastKnownFileType = file.storyboard; name = Base; path = Base.lproj/LaunchScreen.storyboard; sourceTree = "<group>"; };
		D6DD8A8528A53FC50075D8C0 /* Info.plist */ = {isa = PBXFileReference; lastKnownFileType = text.plist.xml; path = Info.plist; sourceTree = "<group>"; };
		D6DD8A8A28A53FC60075D8C0 /* SocialMedia_ChallengeTests.xctest */ = {isa = PBXFileReference; explicitFileType = wrapper.cfbundle; includeInIndex = 0; path = SocialMedia_ChallengeTests.xctest; sourceTree = BUILT_PRODUCTS_DIR; };
		D6DD8A8E28A53FC60075D8C0 /* SocialMedia_ChallengeTests.swift */ = {isa = PBXFileReference; lastKnownFileType = sourcecode.swift; path = SocialMedia_ChallengeTests.swift; sourceTree = "<group>"; };
		D6DD8A9428A53FC60075D8C0 /* SocialMedia_ChallengeUITests.xctest */ = {isa = PBXFileReference; explicitFileType = wrapper.cfbundle; includeInIndex = 0; path = SocialMedia_ChallengeUITests.xctest; sourceTree = BUILT_PRODUCTS_DIR; };
		D6DD8A9828A53FC60075D8C0 /* SocialMedia_ChallengeUITests.swift */ = {isa = PBXFileReference; lastKnownFileType = sourcecode.swift; path = SocialMedia_ChallengeUITests.swift; sourceTree = "<group>"; };
		D6DD8A9A28A53FC60075D8C0 /* SocialMedia_ChallengeUITestsLaunchTests.swift */ = {isa = PBXFileReference; lastKnownFileType = sourcecode.swift; path = SocialMedia_ChallengeUITestsLaunchTests.swift; sourceTree = "<group>"; };
		D6DD8AA828A540330075D8C0 /* PostViewModel.swift */ = {isa = PBXFileReference; fileEncoding = 4; lastKnownFileType = sourcecode.swift; path = PostViewModel.swift; sourceTree = "<group>"; };
		D6DD8AAA28A540330075D8C0 /* API.swift */ = {isa = PBXFileReference; fileEncoding = 4; lastKnownFileType = sourcecode.swift; path = API.swift; sourceTree = "<group>"; };
		D6DD8AAC28A540330075D8C0 /* Users.swift */ = {isa = PBXFileReference; fileEncoding = 4; lastKnownFileType = sourcecode.swift; path = Users.swift; sourceTree = "<group>"; };
		D6DD8AAD28A540330075D8C0 /* Posts.swift */ = {isa = PBXFileReference; fileEncoding = 4; lastKnownFileType = sourcecode.swift; path = Posts.swift; sourceTree = "<group>"; };
		D6DD8AAE28A540330075D8C0 /* SpaceViewController.swift */ = {isa = PBXFileReference; fileEncoding = 4; lastKnownFileType = sourcecode.swift; path = SpaceViewController.swift; sourceTree = "<group>"; };
		D6DD8AAF28A540330075D8C0 /* LoginViewController.swift */ = {isa = PBXFileReference; fileEncoding = 4; lastKnownFileType = sourcecode.swift; path = LoginViewController.swift; sourceTree = "<group>"; };
		D6DD8AB128A540330075D8C0 /* Constants.swift */ = {isa = PBXFileReference; fileEncoding = 4; lastKnownFileType = sourcecode.swift; path = Constants.swift; sourceTree = "<group>"; };
/* End PBXFileReference section */

/* Begin PBXFrameworksBuildPhase section */
		D6DD8A7128A53FC40075D8C0 /* Frameworks */ = {
			isa = PBXFrameworksBuildPhase;
			buildActionMask = 2147483647;
			files = (
			);
			runOnlyForDeploymentPostprocessing = 0;
		};
		D6DD8A8728A53FC60075D8C0 /* Frameworks */ = {
			isa = PBXFrameworksBuildPhase;
			buildActionMask = 2147483647;
			files = (
			);
			runOnlyForDeploymentPostprocessing = 0;
		};
		D6DD8A9128A53FC60075D8C0 /* Frameworks */ = {
			isa = PBXFrameworksBuildPhase;
			buildActionMask = 2147483647;
			files = (
			);
			runOnlyForDeploymentPostprocessing = 0;
		};
/* End PBXFrameworksBuildPhase section */

/* Begin PBXGroup section */
		D6DD8A6B28A53FC40075D8C0 = {
			isa = PBXGroup;
			children = (
				D6DD8A7628A53FC40075D8C0 /* SocialMedia_Challenge */,
				D6DD8A8D28A53FC60075D8C0 /* SocialMedia_ChallengeTests */,
				D6DD8A9728A53FC60075D8C0 /* SocialMedia_ChallengeUITests */,
				D6DD8A7528A53FC40075D8C0 /* Products */,
			);
			sourceTree = "<group>";
		};
		D6DD8A7528A53FC40075D8C0 /* Products */ = {
			isa = PBXGroup;
			children = (
				D6DD8A7428A53FC40075D8C0 /* SocialMedia_Challenge.app */,
				D6DD8A8A28A53FC60075D8C0 /* SocialMedia_ChallengeTests.xctest */,
				D6DD8A9428A53FC60075D8C0 /* SocialMedia_ChallengeUITests.xctest */,
			);
			name = Products;
			sourceTree = "<group>";
		};
		D6DD8A7628A53FC40075D8C0 /* SocialMedia_Challenge */ = {
			isa = PBXGroup;
			children = (
				D6DD8AAB28A540330075D8C0 /* Models */,
				D6DD8AA728A540330075D8C0 /* View Model */,
				D6DD8AB028A540330075D8C0 /* Utils */,
				D6DD8AA928A540330075D8C0 /* Services */,
				D6DD8AAF28A540330075D8C0 /* LoginViewController.swift */,
				D6DD8AAE28A540330075D8C0 /* SpaceViewController.swift */,
				D6DD8A7728A53FC40075D8C0 /* AppDelegate.swift */,
				D6DD8A7928A53FC40075D8C0 /* SceneDelegate.swift */,
				D6DD8A7B28A53FC40075D8C0 /* ViewController.swift */,
				D6DD8A8028A53FC50075D8C0 /* Assets.xcassets */,
				D6DD8A8228A53FC50075D8C0 /* LaunchScreen.storyboard */,
				D6DD8A8528A53FC50075D8C0 /* Info.plist */,
			);
			path = SocialMedia_Challenge;
			sourceTree = "<group>";
		};
		D6DD8A8D28A53FC60075D8C0 /* SocialMedia_ChallengeTests */ = {
			isa = PBXGroup;
			children = (
				D6DD8A8E28A53FC60075D8C0 /* SocialMedia_ChallengeTests.swift */,
			);
			path = SocialMedia_ChallengeTests;
			sourceTree = "<group>";
		};
		D6DD8A9728A53FC60075D8C0 /* SocialMedia_ChallengeUITests */ = {
			isa = PBXGroup;
			children = (
				D6DD8A9828A53FC60075D8C0 /* SocialMedia_ChallengeUITests.swift */,
				D6DD8A9A28A53FC60075D8C0 /* SocialMedia_ChallengeUITestsLaunchTests.swift */,
			);
			path = SocialMedia_ChallengeUITests;
			sourceTree = "<group>";
		};
		D6DD8AA728A540330075D8C0 /* View Model */ = {
			isa = PBXGroup;
			children = (
				D6DD8AA828A540330075D8C0 /* PostViewModel.swift */,
			);
			path = "View Model";
			sourceTree = "<group>";
		};
		D6DD8AA928A540330075D8C0 /* Services */ = {
			isa = PBXGroup;
			children = (
				D6DD8AAA28A540330075D8C0 /* API.swift */,
			);
			path = Services;
			sourceTree = "<group>";
		};
		D6DD8AAB28A540330075D8C0 /* Models */ = {
			isa = PBXGroup;
			children = (
				D6DD8AAC28A540330075D8C0 /* Users.swift */,
				D6DD8AAD28A540330075D8C0 /* Posts.swift */,
			);
			path = Models;
			sourceTree = "<group>";
		};
		D6DD8AB028A540330075D8C0 /* Utils */ = {
			isa = PBXGroup;
			children = (
				D6DD8AB128A540330075D8C0 /* Constants.swift */,
			);
			path = Utils;
			sourceTree = "<group>";
		};
/* End PBXGroup section */

/* Begin PBXNativeTarget section */
		D6DD8A7328A53FC40075D8C0 /* SocialMedia_Challenge */ = {
			isa = PBXNativeTarget;
			buildConfigurationList = D6DD8A9E28A53FC60075D8C0 /* Build configuration list for PBXNativeTarget "SocialMedia_Challenge" */;
			buildPhases = (
				D6DD8A7028A53FC40075D8C0 /* Sources */,
				D6DD8A7128A53FC40075D8C0 /* Frameworks */,
				D6DD8A7228A53FC40075D8C0 /* Resources */,
			);
			buildRules = (
			);
			dependencies = (
			);
			name = SocialMedia_Challenge;
			productName = SocialMedia_Challenge;
			productReference = D6DD8A7428A53FC40075D8C0 /* SocialMedia_Challenge.app */;
			productType = "com.apple.product-type.application";
		};
		D6DD8A8928A53FC60075D8C0 /* SocialMedia_ChallengeTests */ = {
			isa = PBXNativeTarget;
			buildConfigurationList = D6DD8AA128A53FC60075D8C0 /* Build configuration list for PBXNativeTarget "SocialMedia_ChallengeTests" */;
			buildPhases = (
				D6DD8A8628A53FC60075D8C0 /* Sources */,
				D6DD8A8728A53FC60075D8C0 /* Frameworks */,
				D6DD8A8828A53FC60075D8C0 /* Resources */,
			);
			buildRules = (
			);
			dependencies = (
				D6DD8A8C28A53FC60075D8C0 /* PBXTargetDependency */,
			);
			name = SocialMedia_ChallengeTests;
			productName = SocialMedia_ChallengeTests;
			productReference = D6DD8A8A28A53FC60075D8C0 /* SocialMedia_ChallengeTests.xctest */;
			productType = "com.apple.product-type.bundle.unit-test";
		};
		D6DD8A9328A53FC60075D8C0 /* SocialMedia_ChallengeUITests */ = {
			isa = PBXNativeTarget;
			buildConfigurationList = D6DD8AA428A53FC60075D8C0 /* Build configuration list for PBXNativeTarget "SocialMedia_ChallengeUITests" */;
			buildPhases = (
				D6DD8A9028A53FC60075D8C0 /* Sources */,
				D6DD8A9128A53FC60075D8C0 /* Frameworks */,
				D6DD8A9228A53FC60075D8C0 /* Resources */,
			);
			buildRules = (
			);
			dependencies = (
				D6DD8A9628A53FC60075D8C0 /* PBXTargetDependency */,
			);
			name = SocialMedia_ChallengeUITests;
			productName = SocialMedia_ChallengeUITests;
			productReference = D6DD8A9428A53FC60075D8C0 /* SocialMedia_ChallengeUITests.xctest */;
			productType = "com.apple.product-type.bundle.ui-testing";
		};
/* End PBXNativeTarget section */

/* Begin PBXProject section */
		D6DD8A6C28A53FC40075D8C0 /* Project object */ = {
			isa = PBXProject;
			attributes = {
				BuildIndependentTargetsInParallel = 1;
				LastSwiftUpdateCheck = 1340;
				LastUpgradeCheck = 1340;
				TargetAttributes = {
					D6DD8A7328A53FC40075D8C0 = {
						CreatedOnToolsVersion = 13.4.1;
					};
					D6DD8A8928A53FC60075D8C0 = {
						CreatedOnToolsVersion = 13.4.1;
						TestTargetID = D6DD8A7328A53FC40075D8C0;
					};
					D6DD8A9328A53FC60075D8C0 = {
						CreatedOnToolsVersion = 13.4.1;
						TestTargetID = D6DD8A7328A53FC40075D8C0;
					};
				};
			};
			buildConfigurationList = D6DD8A6F28A53FC40075D8C0 /* Build configuration list for PBXProject "SocialMedia_Challenge" */;
			compatibilityVersion = "Xcode 13.0";
			developmentRegion = en;
			hasScannedForEncodings = 0;
			knownRegions = (
				en,
				Base,
			);
			mainGroup = D6DD8A6B28A53FC40075D8C0;
			productRefGroup = D6DD8A7528A53FC40075D8C0 /* Products */;
			projectDirPath = "";
			projectRoot = "";
			targets = (
				D6DD8A7328A53FC40075D8C0 /* SocialMedia_Challenge */,
				D6DD8A8928A53FC60075D8C0 /* SocialMedia_ChallengeTests */,
				D6DD8A9328A53FC60075D8C0 /* SocialMedia_ChallengeUITests */,
			);
		};
/* End PBXProject section */

/* Begin PBXResourcesBuildPhase section */
		D6DD8A7228A53FC40075D8C0 /* Resources */ = {
			isa = PBXResourcesBuildPhase;
			buildActionMask = 2147483647;
			files = (
				D6DD8A8428A53FC50075D8C0 /* LaunchScreen.storyboard in Resources */,
				D6DD8A8128A53FC50075D8C0 /* Assets.xcassets in Resources */,
			);
			runOnlyForDeploymentPostprocessing = 0;
		};
		D6DD8A8828A53FC60075D8C0 /* Resources */ = {
			isa = PBXResourcesBuildPhase;
			buildActionMask = 2147483647;
			files = (
			);
			runOnlyForDeploymentPostprocessing = 0;
		};
		D6DD8A9228A53FC60075D8C0 /* Resources */ = {
			isa = PBXResourcesBuildPhase;
			buildActionMask = 2147483647;
			files = (
			);
			runOnlyForDeploymentPostprocessing = 0;
		};
/* End PBXResourcesBuildPhase section */

/* Begin PBXSourcesBuildPhase section */
		D6DD8A7028A53FC40075D8C0 /* Sources */ = {
			isa = PBXSourcesBuildPhase;
			buildActionMask = 2147483647;
			files = (
				D6DD8AB728A540330075D8C0 /* LoginViewController.swift in Sources */,
				D6DD8AB228A540330075D8C0 /* PostViewModel.swift in Sources */,
				D6DD8AB528A540330075D8C0 /* Posts.swift in Sources */,
				D6DD8A7C28A53FC40075D8C0 /* ViewController.swift in Sources */,
				D6DD8A7828A53FC40075D8C0 /* AppDelegate.swift in Sources */,
				D6DD8AB828A540330075D8C0 /* Constants.swift in Sources */,
				D6DD8A7A28A53FC40075D8C0 /* SceneDelegate.swift in Sources */,
				D6DD8AB428A540330075D8C0 /* Users.swift in Sources */,
				D6DD8AB328A540330075D8C0 /* API.swift in Sources */,
				D6DD8AB628A540330075D8C0 /* SpaceViewController.swift in Sources */,
			);
			runOnlyForDeploymentPostprocessing = 0;
		};
		D6DD8A8628A53FC60075D8C0 /* Sources */ = {
			isa = PBXSourcesBuildPhase;
			buildActionMask = 2147483647;
			files = (
				D6DD8A8F28A53FC60075D8C0 /* SocialMedia_ChallengeTests.swift in Sources */,
			);
			runOnlyForDeploymentPostprocessing = 0;
		};
		D6DD8A9028A53FC60075D8C0 /* Sources */ = {
			isa = PBXSourcesBuildPhase;
			buildActionMask = 2147483647;
			files = (
				D6DD8A9B28A53FC60075D8C0 /* SocialMedia_ChallengeUITestsLaunchTests.swift in Sources */,
				D6DD8A9928A53FC60075D8C0 /* SocialMedia_ChallengeUITests.swift in Sources */,
			);
			runOnlyForDeploymentPostprocessing = 0;
		};
/* End PBXSourcesBuildPhase section */

/* Begin PBXTargetDependency section */
		D6DD8A8C28A53FC60075D8C0 /* PBXTargetDependency */ = {
			isa = PBXTargetDependency;
			target = D6DD8A7328A53FC40075D8C0 /* SocialMedia_Challenge */;
			targetProxy = D6DD8A8B28A53FC60075D8C0 /* PBXContainerItemProxy */;
		};
		D6DD8A9628A53FC60075D8C0 /* PBXTargetDependency */ = {
			isa = PBXTargetDependency;
			target = D6DD8A7328A53FC40075D8C0 /* SocialMedia_Challenge */;
			targetProxy = D6DD8A9528A53FC60075D8C0 /* PBXContainerItemProxy */;
		};
/* End PBXTargetDependency section */

/* Begin PBXVariantGroup section */
		D6DD8A8228A53FC50075D8C0 /* LaunchScreen.storyboard */ = {
			isa = PBXVariantGroup;
			children = (
				D6DD8A8328A53FC50075D8C0 /* Base */,
			);
			name = LaunchScreen.storyboard;
			sourceTree = "<group>";
		};
/* End PBXVariantGroup section */

/* Begin XCBuildConfiguration section */
		D6DD8A9C28A53FC60075D8C0 /* Debug */ = {
			isa = XCBuildConfiguration;
			buildSettings = {
				ALWAYS_SEARCH_USER_PATHS = NO;
				CLANG_ANALYZER_NONNULL = YES;
				CLANG_ANALYZER_NUMBER_OBJECT_CONVERSION = YES_AGGRESSIVE;
				CLANG_CXX_LANGUAGE_STANDARD = "gnu++17";
				CLANG_ENABLE_MODULES = YES;
				CLANG_ENABLE_OBJC_ARC = YES;
				CLANG_ENABLE_OBJC_WEAK = YES;
				CLANG_WARN_BLOCK_CAPTURE_AUTORELEASING = YES;
				CLANG_WARN_BOOL_CONVERSION = YES;
				CLANG_WARN_COMMA = YES;
				CLANG_WARN_CONSTANT_CONVERSION = YES;
				CLANG_WARN_DEPRECATED_OBJC_IMPLEMENTATIONS = YES;
				CLANG_WARN_DIRECT_OBJC_ISA_USAGE = YES_ERROR;
				CLANG_WARN_DOCUMENTATION_COMMENTS = YES;
				CLANG_WARN_EMPTY_BODY = YES;
				CLANG_WARN_ENUM_CONVERSION = YES;
				CLANG_WARN_INFINITE_RECURSION = YES;
				CLANG_WARN_INT_CONVERSION = YES;
				CLANG_WARN_NON_LITERAL_NULL_CONVERSION = YES;
				CLANG_WARN_OBJC_IMPLICIT_RETAIN_SELF = YES;
				CLANG_WARN_OBJC_LITERAL_CONVERSION = YES;
				CLANG_WARN_OBJC_ROOT_CLASS = YES_ERROR;
				CLANG_WARN_QUOTED_INCLUDE_IN_FRAMEWORK_HEADER = YES;
				CLANG_WARN_RANGE_LOOP_ANALYSIS = YES;
				CLANG_WARN_STRICT_PROTOTYPES = YES;
				CLANG_WARN_SUSPICIOUS_MOVE = YES;
				CLANG_WARN_UNGUARDED_AVAILABILITY = YES_AGGRESSIVE;
				CLANG_WARN_UNREACHABLE_CODE = YES;
				CLANG_WARN__DUPLICATE_METHOD_MATCH = YES;
				COPY_PHASE_STRIP = NO;
				DEBUG_INFORMATION_FORMAT = dwarf;
				ENABLE_STRICT_OBJC_MSGSEND = YES;
				ENABLE_TESTABILITY = YES;
				GCC_C_LANGUAGE_STANDARD = gnu11;
				GCC_DYNAMIC_NO_PIC = NO;
				GCC_NO_COMMON_BLOCKS = YES;
				GCC_OPTIMIZATION_LEVEL = 0;
				GCC_PREPROCESSOR_DEFINITIONS = (
					"DEBUG=1",
					"$(inherited)",
				);
				GCC_WARN_64_TO_32_BIT_CONVERSION = YES;
				GCC_WARN_ABOUT_RETURN_TYPE = YES_ERROR;
				GCC_WARN_UNDECLARED_SELECTOR = YES;
				GCC_WARN_UNINITIALIZED_AUTOS = YES_AGGRESSIVE;
				GCC_WARN_UNUSED_FUNCTION = YES;
				GCC_WARN_UNUSED_VARIABLE = YES;
				IPHONEOS_DEPLOYMENT_TARGET = 15.5;
				MTL_ENABLE_DEBUG_INFO = INCLUDE_SOURCE;
				MTL_FAST_MATH = YES;
				ONLY_ACTIVE_ARCH = YES;
				SDKROOT = iphoneos;
				SWIFT_ACTIVE_COMPILATION_CONDITIONS = DEBUG;
				SWIFT_OPTIMIZATION_LEVEL = "-Onone";
			};
			name = Debug;
		};
		D6DD8A9D28A53FC60075D8C0 /* Release */ = {
			isa = XCBuildConfiguration;
			buildSettings = {
				ALWAYS_SEARCH_USER_PATHS = NO;
				CLANG_ANALYZER_NONNULL = YES;
				CLANG_ANALYZER_NUMBER_OBJECT_CONVERSION = YES_AGGRESSIVE;
				CLANG_CXX_LANGUAGE_STANDARD = "gnu++17";
				CLANG_ENABLE_MODULES = YES;
				CLANG_ENABLE_OBJC_ARC = YES;
				CLANG_ENABLE_OBJC_WEAK = YES;
				CLANG_WARN_BLOCK_CAPTURE_AUTORELEASING = YES;
				CLANG_WARN_BOOL_CONVERSION = YES;
				CLANG_WARN_COMMA = YES;
				CLANG_WARN_CONSTANT_CONVERSION = YES;
				CLANG_WARN_DEPRECATED_OBJC_IMPLEMENTATIONS = YES;
				CLANG_WARN_DIRECT_OBJC_ISA_USAGE = YES_ERROR;
				CLANG_WARN_DOCUMENTATION_COMMENTS = YES;
				CLANG_WARN_EMPTY_BODY = YES;
				CLANG_WARN_ENUM_CONVERSION = YES;
				CLANG_WARN_INFINITE_RECURSION = YES;
				CLANG_WARN_INT_CONVERSION = YES;
				CLANG_WARN_NON_LITERAL_NULL_CONVERSION = YES;
				CLANG_WARN_OBJC_IMPLICIT_RETAIN_SELF = YES;
				CLANG_WARN_OBJC_LITERAL_CONVERSION = YES;
				CLANG_WARN_OBJC_ROOT_CLASS = YES_ERROR;
				CLANG_WARN_QUOTED_INCLUDE_IN_FRAMEWORK_HEADER = YES;
				CLANG_WARN_RANGE_LOOP_ANALYSIS = YES;
				CLANG_WARN_STRICT_PROTOTYPES = YES;
				CLANG_WARN_SUSPICIOUS_MOVE = YES;
				CLANG_WARN_UNGUARDED_AVAILABILITY = YES_AGGRESSIVE;
				CLANG_WARN_UNREACHABLE_CODE = YES;
				CLANG_WARN__DUPLICATE_METHOD_MATCH = YES;
				COPY_PHASE_STRIP = NO;
				DEBUG_INFORMATION_FORMAT = "dwarf-with-dsym";
				ENABLE_NS_ASSERTIONS = NO;
				ENABLE_STRICT_OBJC_MSGSEND = YES;
				GCC_C_LANGUAGE_STANDARD = gnu11;
				GCC_NO_COMMON_BLOCKS = YES;
				GCC_WARN_64_TO_32_BIT_CONVERSION = YES;
				GCC_WARN_ABOUT_RETURN_TYPE = YES_ERROR;
				GCC_WARN_UNDECLARED_SELECTOR = YES;
				GCC_WARN_UNINITIALIZED_AUTOS = YES_AGGRESSIVE;
				GCC_WARN_UNUSED_FUNCTION = YES;
				GCC_WARN_UNUSED_VARIABLE = YES;
				IPHONEOS_DEPLOYMENT_TARGET = 15.5;
				MTL_ENABLE_DEBUG_INFO = NO;
				MTL_FAST_MATH = YES;
				SDKROOT = iphoneos;
				SWIFT_COMPILATION_MODE = wholemodule;
				SWIFT_OPTIMIZATION_LEVEL = "-O";
				VALIDATE_PRODUCT = YES;
			};
			name = Release;
		};
		D6DD8A9F28A53FC60075D8C0 /* Debug */ = {
			isa = XCBuildConfiguration;
			buildSettings = {
				ASSETCATALOG_COMPILER_APPICON_NAME = AppIcon;
				ASSETCATALOG_COMPILER_GLOBAL_ACCENT_COLOR_NAME = AccentColor;
				CODE_SIGN_STYLE = Automatic;
				CURRENT_PROJECT_VERSION = 1;
				DEVELOPMENT_TEAM = MCC2B4P5MZ;
				GENERATE_INFOPLIST_FILE = YES;
				INFOPLIST_FILE = SocialMedia_Challenge/Info.plist;
				INFOPLIST_KEY_UIApplicationSupportsIndirectInputEvents = YES;
				INFOPLIST_KEY_UILaunchStoryboardName = LaunchScreen;
				INFOPLIST_KEY_UISupportedInterfaceOrientations_iPad = "UIInterfaceOrientationPortrait UIInterfaceOrientationPortraitUpsideDown UIInterfaceOrientationLandscapeLeft UIInterfaceOrientationLandscapeRight";
				INFOPLIST_KEY_UISupportedInterfaceOrientations_iPhone = "UIInterfaceOrientationPortrait UIInterfaceOrientationLandscapeLeft UIInterfaceOrientationLandscapeRight";
				LD_RUNPATH_SEARCH_PATHS = (
					"$(inherited)",
					"@executable_path/Frameworks",
				);
				MARKETING_VERSION = 1.0;
				PRODUCT_BUNDLE_IDENTIFIER = "Copland.SocialMedia-Challenge";
				PRODUCT_NAME = "$(TARGET_NAME)";
				SWIFT_EMIT_LOC_STRINGS = YES;
				SWIFT_VERSION = 5.0;
				TARGETED_DEVICE_FAMILY = "1,2";
			};
			name = Debug;
		};
		D6DD8AA028A53FC60075D8C0 /* Release */ = {
			isa = XCBuildConfiguration;
			buildSettings = {
				ASSETCATALOG_COMPILER_APPICON_NAME = AppIcon;
				ASSETCATALOG_COMPILER_GLOBAL_ACCENT_COLOR_NAME = AccentColor;
				CODE_SIGN_STYLE = Automatic;
				CURRENT_PROJECT_VERSION = 1;
				DEVELOPMENT_TEAM = MCC2B4P5MZ;
				GENERATE_INFOPLIST_FILE = YES;
				INFOPLIST_FILE = SocialMedia_Challenge/Info.plist;
				INFOPLIST_KEY_UIApplicationSupportsIndirectInputEvents = YES;
				INFOPLIST_KEY_UILaunchStoryboardName = LaunchScreen;
				INFOPLIST_KEY_UISupportedInterfaceOrientations_iPad = "UIInterfaceOrientationPortrait UIInterfaceOrientationPortraitUpsideDown UIInterfaceOrientationLandscapeLeft UIInterfaceOrientationLandscapeRight";
				INFOPLIST_KEY_UISupportedInterfaceOrientations_iPhone = "UIInterfaceOrientationPortrait UIInterfaceOrientationLandscapeLeft UIInterfaceOrientationLandscapeRight";
				LD_RUNPATH_SEARCH_PATHS = (
					"$(inherited)",
					"@executable_path/Frameworks",
				);
				MARKETING_VERSION = 1.0;
				PRODUCT_BUNDLE_IDENTIFIER = "Copland.SocialMedia-Challenge";
				PRODUCT_NAME = "$(TARGET_NAME)";
				SWIFT_EMIT_LOC_STRINGS = YES;
				SWIFT_VERSION = 5.0;
				TARGETED_DEVICE_FAMILY = "1,2";
			};
			name = Release;
		};
		D6DD8AA228A53FC60075D8C0 /* Debug */ = {
			isa = XCBuildConfiguration;
			buildSettings = {
				ALWAYS_EMBED_SWIFT_STANDARD_LIBRARIES = YES;
				BUNDLE_LOADER = "$(TEST_HOST)";
				CODE_SIGN_STYLE = Automatic;
				CURRENT_PROJECT_VERSION = 1;
				DEVELOPMENT_TEAM = MCC2B4P5MZ;
				GENERATE_INFOPLIST_FILE = YES;
				IPHONEOS_DEPLOYMENT_TARGET = 15.5;
				MARKETING_VERSION = 1.0;
				PRODUCT_BUNDLE_IDENTIFIER = "Copland.SocialMedia-ChallengeTests";
				PRODUCT_NAME = "$(TARGET_NAME)";
				SWIFT_EMIT_LOC_STRINGS = NO;
				SWIFT_VERSION = 5.0;
				TARGETED_DEVICE_FAMILY = "1,2";
				TEST_HOST = "$(BUILT_PRODUCTS_DIR)/SocialMedia_Challenge.app/SocialMedia_Challenge";
			};
			name = Debug;
		};
		D6DD8AA328A53FC60075D8C0 /* Release */ = {
			isa = XCBuildConfiguration;
			buildSettings = {
				ALWAYS_EMBED_SWIFT_STANDARD_LIBRARIES = YES;
				BUNDLE_LOADER = "$(TEST_HOST)";
				CODE_SIGN_STYLE = Automatic;
				CURRENT_PROJECT_VERSION = 1;
				DEVELOPMENT_TEAM = MCC2B4P5MZ;
				GENERATE_INFOPLIST_FILE = YES;
				IPHONEOS_DEPLOYMENT_TARGET = 15.5;
				MARKETING_VERSION = 1.0;
				PRODUCT_BUNDLE_IDENTIFIER = "Copland.SocialMedia-ChallengeTests";
				PRODUCT_NAME = "$(TARGET_NAME)";
				SWIFT_EMIT_LOC_STRINGS = NO;
				SWIFT_VERSION = 5.0;
				TARGETED_DEVICE_FAMILY = "1,2";
				TEST_HOST = "$(BUILT_PRODUCTS_DIR)/SocialMedia_Challenge.app/SocialMedia_Challenge";
			};
			name = Release;
		};
		D6DD8AA528A53FC60075D8C0 /* Debug */ = {
			isa = XCBuildConfiguration;
			buildSettings = {
				ALWAYS_EMBED_SWIFT_STANDARD_LIBRARIES = YES;
				CODE_SIGN_STYLE = Automatic;
				CURRENT_PROJECT_VERSION = 1;
				DEVELOPMENT_TEAM = MCC2B4P5MZ;
				GENERATE_INFOPLIST_FILE = YES;
				MARKETING_VERSION = 1.0;
				PRODUCT_BUNDLE_IDENTIFIER = "Copland.SocialMedia-ChallengeUITests";
				PRODUCT_NAME = "$(TARGET_NAME)";
				SWIFT_EMIT_LOC_STRINGS = NO;
				SWIFT_VERSION = 5.0;
				TARGETED_DEVICE_FAMILY = "1,2";
				TEST_TARGET_NAME = SocialMedia_Challenge;
			};
			name = Debug;
		};
		D6DD8AA628A53FC60075D8C0 /* Release */ = {
			isa = XCBuildConfiguration;
			buildSettings = {
				ALWAYS_EMBED_SWIFT_STANDARD_LIBRARIES = YES;
				CODE_SIGN_STYLE = Automatic;
				CURRENT_PROJECT_VERSION = 1;
				DEVELOPMENT_TEAM = MCC2B4P5MZ;
				GENERATE_INFOPLIST_FILE = YES;
				MARKETING_VERSION = 1.0;
				PRODUCT_BUNDLE_IDENTIFIER = "Copland.SocialMedia-ChallengeUITests";
				PRODUCT_NAME = "$(TARGET_NAME)";
				SWIFT_EMIT_LOC_STRINGS = NO;
				SWIFT_VERSION = 5.0;
				TARGETED_DEVICE_FAMILY = "1,2";
				TEST_TARGET_NAME = SocialMedia_Challenge;
			};
			name = Release;
		};
/* End XCBuildConfiguration section */

/* Begin XCConfigurationList section */
		D6DD8A6F28A53FC40075D8C0 /* Build configuration list for PBXProject "SocialMedia_Challenge" */ = {
			isa = XCConfigurationList;
			buildConfigurations = (
				D6DD8A9C28A53FC60075D8C0 /* Debug */,
				D6DD8A9D28A53FC60075D8C0 /* Release */,
			);
			defaultConfigurationIsVisible = 0;
			defaultConfigurationName = Release;
		};
		D6DD8A9E28A53FC60075D8C0 /* Build configuration list for PBXNativeTarget "SocialMedia_Challenge" */ = {
			isa = XCConfigurationList;
			buildConfigurations = (
				D6DD8A9F28A53FC60075D8C0 /* Debug */,
				D6DD8AA028A53FC60075D8C0 /* Release */,
			);
			defaultConfigurationIsVisible = 0;
			defaultConfigurationName = Release;
		};
		D6DD8AA128A53FC60075D8C0 /* Build configuration list for PBXNativeTarget "SocialMedia_ChallengeTests" */ = {
			isa = XCConfigurationList;
			buildConfigurations = (
				D6DD8AA228A53FC60075D8C0 /* Debug */,
				D6DD8AA328A53FC60075D8C0 /* Release */,
			);
			defaultConfigurationIsVisible = 0;
			defaultConfigurationName = Release;
		};
		D6DD8AA428A53FC60075D8C0 /* Build configuration list for PBXNativeTarget "SocialMedia_ChallengeUITests" */ = {
			isa = XCConfigurationList;
			buildConfigurations = (
				D6DD8AA528A53FC60075D8C0 /* Debug */,
				D6DD8AA628A53FC60075D8C0 /* Release */,
			);
			defaultConfigurationIsVisible = 0;
			defaultConfigurationName = Release;
		};
/* End XCConfigurationList section */
	};
	rootObject = D6DD8A6C28A53FC40075D8C0 /* Project object */;
}
